
Microsoft Visual Studio Solution File, Format Version 12.00
# Visual Studio 15
VisualStudioVersion = 15.0.28307.168
MinimumVisualStudioVersion = 10.0.40219.1
Project("{FAE04EC0-301F-11D3-BF4B-00C04F79EFBC}") = "Triangles", "Triangles\Triangles.csproj", "{42B07B94-4450-404F-93B2-0F68F714C2BF}"
EndProject
Project("{FAE04EC0-301F-11D3-BF4B-00C04F79EFBC}") = "Triangles.Tests", "Triangles.Tests\Triangles.Tests.csproj", "{157ED4A2-B9C8-47A2-B24A-80EEB53516EC}"
EndProject
Global
	GlobalSection(SolutionConfigurationPlatforms) = preSolution
		Debug|Any CPU = Debug|Any CPU
		Release|Any CPU = Release|Any CPU
	EndGlobalSection
	GlobalSection(ProjectConfigurationPlatforms) = postSolution
		{42B07B94-4450-404F-93B2-0F68F714C2BF}.Debug|Any CPU.ActiveCfg = Debug|Any CPU
		{42B07B94-4450-404F-93B2-0F68F714C2BF}.Debug|Any CPU.Build.0 = Debug|Any CPU
		{42B07B94-4450-404F-93B2-0F68F714C2BF}.Release|Any CPU.ActiveCfg = Release|Any CPU
		{42B07B94-4450-404F-93B2-0F68F714C2BF}.Release|Any CPU.Build.0 = Release|Any CPU
		{157ED4A2-B9C8-47A2-B24A-80EEB53516EC}.Debug|Any CPU.ActiveCfg = Debug|Any CPU
		{157ED4A2-B9C8-47A2-B24A-80EEB53516EC}.Debug|Any CPU.Build.0 = Debug|Any CPU
		{157ED4A2-B9C8-47A2-B24A-80EEB53516EC}.Release|Any CPU.ActiveCfg = Release|Any CPU
		{157ED4A2-B9C8-47A2-B24A-80EEB53516EC}.Release|Any CPU.Build.0 = Release|Any CPU
	EndGlobalSection
	GlobalSection(SolutionProperties) = preSolution
		HideSolutionNode = FALSE
	EndGlobalSection
	GlobalSection(ExtensibilityGlobals) = postSolution
		SolutionGuid = {6934F3B4-DF65-46AA-AEB2-562035F8795D}
	EndGlobalSection
EndGlobal
